
Microsoft Visual Studio Solution File, Format Version 12.00
# Visual Studio Version 16
VisualStudioVersion = 16.0.30621.155
MinimumVisualStudioVersion = 10.0.40219.1
Project("{FAE04EC0-301F-11D3-BF4B-00C04F79EFBC}") = "Bookmarks", "Bookmarks\Bookmarks.csproj", "{F737C153-89FA-4B95-8F75-FC486F7F7742}"
EndProject
Global
	GlobalSection(SolutionConfigurationPlatforms) = preSolution
		Debug|Any CPU = Debug|Any CPU
		Release|Any CPU = Release|Any CPU
	EndGlobalSection
	GlobalSection(ProjectConfigurationPlatforms) = postSolution
		{F737C153-89FA-4B95-8F75-FC486F7F7742}.Debug|Any CPU.ActiveCfg = Debug|Any CPU
		{F737C153-89FA-4B95-8F75-FC486F7F7742}.Debug|Any CPU.Build.0 = Debug|Any CPU
		{F737C153-89FA-4B95-8F75-FC486F7F7742}.Release|Any CPU.ActiveCfg = Release|Any CPU
		{F737C153-89FA-4B95-8F75-FC486F7F7742}.Release|Any CPU.Build.0 = Release|Any CPU
	EndGlobalSection
	GlobalSection(SolutionProperties) = preSolution
		HideSolutionNode = FALSE
	EndGlobalSection
	GlobalSection(ExtensibilityGlobals) = postSolution
		SolutionGuid = {282D1B58-5949-4574-8D7F-4853095537DC}
	EndGlobalSection
EndGlobal
